
Microsoft Visual Studio Solution File, Format Version 12.00
# Visual Studio Version 17
VisualStudioVersion = 17.4.33205.214
MinimumVisualStudioVersion = 10.0.40219.1
Project("{FAE04EC0-301F-11D3-BF4B-00C04F79EFBC}") = "ctof", "ctof.csproj", "{781BED9D-3718-4777-A670-AF3A68535EAF}"
EndProject
Project("{FAE04EC0-301F-11D3-BF4B-00C04F79EFBC}") = "kmtom7", "..\kmtom7\kmtom7.csproj", "{48E2687C-EFF4-45E2-A100-1400070F7AB4}"
EndProject
Project("{FAE04EC0-301F-11D3-BF4B-00C04F79EFBC}") = "ftoc", "..\ftoc\ftoc.csproj", "{ACFC6FAF-E769-488F-87EE-0120843D6DDE}"
EndProject
Project("{FAE04EC0-301F-11D3-BF4B-00C04F79EFBC}") = "cmtoinches", "..\cmtoinches\cmtoinches.csproj", "{F7B3F88F-A690-4D9B-9AB7-F56DFDEACD98}"
EndProject
Global
	GlobalSection(SolutionConfigurationPlatforms) = preSolution
		Debug|Any CPU = Debug|Any CPU
		Release|Any CPU = Release|Any CPU
	EndGlobalSection
	GlobalSection(ProjectConfigurationPlatforms) = postSolution
		{781BED9D-3718-4777-A670-AF3A68535EAF}.Debug|Any CPU.ActiveCfg = Debug|Any CPU
		{781BED9D-3718-4777-A670-AF3A68535EAF}.Debug|Any CPU.Build.0 = Debug|Any CPU
		{781BED9D-3718-4777-A670-AF3A68535EAF}.Release|Any CPU.ActiveCfg = Release|Any CPU
		{781BED9D-3718-4777-A670-AF3A68535EAF}.Release|Any CPU.Build.0 = Release|Any CPU
		{48E2687C-EFF4-45E2-A100-1400070F7AB4}.Debug|Any CPU.ActiveCfg = Debug|Any CPU
		{48E2687C-EFF4-45E2-A100-1400070F7AB4}.Debug|Any CPU.Build.0 = Debug|Any CPU
		{48E2687C-EFF4-45E2-A100-1400070F7AB4}.Release|Any CPU.ActiveCfg = Release|Any CPU
		{48E2687C-EFF4-45E2-A100-1400070F7AB4}.Release|Any CPU.Build.0 = Release|Any CPU
		{ACFC6FAF-E769-488F-87EE-0120843D6DDE}.Debug|Any CPU.ActiveCfg = Debug|Any CPU
		{ACFC6FAF-E769-488F-87EE-0120843D6DDE}.Debug|Any CPU.Build.0 = Debug|Any CPU
		{ACFC6FAF-E769-488F-87EE-0120843D6DDE}.Release|Any CPU.ActiveCfg = Release|Any CPU
		{ACFC6FAF-E769-488F-87EE-0120843D6DDE}.Release|Any CPU.Build.0 = Release|Any CPU
		{F7B3F88F-A690-4D9B-9AB7-F56DFDEACD98}.Debug|Any CPU.ActiveCfg = Debug|Any CPU
		{F7B3F88F-A690-4D9B-9AB7-F56DFDEACD98}.Debug|Any CPU.Build.0 = Debug|Any CPU
		{F7B3F88F-A690-4D9B-9AB7-F56DFDEACD98}.Release|Any CPU.ActiveCfg = Release|Any CPU
		{F7B3F88F-A690-4D9B-9AB7-F56DFDEACD98}.Release|Any CPU.Build.0 = Release|Any CPU
	EndGlobalSection
	GlobalSection(SolutionProperties) = preSolution
		HideSolutionNode = FALSE
	EndGlobalSection
	GlobalSection(ExtensibilityGlobals) = postSolution
		SolutionGuid = {C22164AF-47FE-4E83-86B6-26E445E34946}
	EndGlobalSection
EndGlobal
